
Microsoft Visual Studio Solution File, Format Version 12.00
# Visual Studio Version 17
VisualStudioVersion = 17.1.32210.238
MinimumVisualStudioVersion = 10.0.40219.1
Project("{9A19103F-16F7-4668-BE54-9A1E7A4F7556}") = "AbstractForgeView", "AbstractForgeView\AbstractForgeView.csproj", "{3D556B71-29E6-4E83-8860-60E0A55AFAF8}"
EndProject
Project("{9A19103F-16F7-4668-BE54-9A1E7A4F7556}") = "AbstractForgeBusinessLogic", "..\AbstractForgeBusinessLogic\AbstractForgeBusinessLogic.csproj", "{EA16D225-27F6-43A0-85B8-D0E8916F7CFD}"
EndProject
Project("{9A19103F-16F7-4668-BE54-9A1E7A4F7556}") = "AbstractForgeListImplement", "..\AbstractForgeListImplement\AbstractForgeListImplement.csproj", "{688C07C8-6D0A-4395-9915-A6DF9B3435A4}"
EndProject
Project("{9A19103F-16F7-4668-BE54-9A1E7A4F7556}") = "AbstractForgeContracts", "..\AbstractForgeContracts\AbstractForgeContracts.csproj", "{BFD6182C-332C-40CB-901F-CEB447C28C55}"
EndProject
Project("{9A19103F-16F7-4668-BE54-9A1E7A4F7556}") = "AbstractForgeFileImplement", "..\AbstractForgeFileImplement\AbstractForgeFileImplement\AbstractForgeFileImplement.csproj", "{AB9C3AFB-4C80-4B94-81AF-CB5A1C838C49}"
EndProject
Project("{9A19103F-16F7-4668-BE54-9A1E7A4F7556}") = "AbstractForgeDatabaseImplement", "..\AbstractForgeDatabaseImplement\AbstractForgeDatabaseImplement\AbstractForgeDatabaseImplement.csproj", "{CFB5F7BB-E4D0-41A6-8FB0-1E50518A18E1}"
EndProject
Project("{FAE04EC0-301F-11D3-BF4B-00C04F79EFBC}") = "AbstractForgeRestApi", "..\AbstractForgeRestApi\AbstractForgeRestApi.csproj", "{42FC506D-8FF1-4FB7-9655-4EC76056C8F2}"
EndProject
Global
	GlobalSection(SolutionConfigurationPlatforms) = preSolution
		Debug|Any CPU = Debug|Any CPU
		Release|Any CPU = Release|Any CPU
	EndGlobalSection
	GlobalSection(ProjectConfigurationPlatforms) = postSolution
		{3D556B71-29E6-4E83-8860-60E0A55AFAF8}.Debug|Any CPU.ActiveCfg = Debug|Any CPU
		{3D556B71-29E6-4E83-8860-60E0A55AFAF8}.Debug|Any CPU.Build.0 = Debug|Any CPU
		{3D556B71-29E6-4E83-8860-60E0A55AFAF8}.Release|Any CPU.ActiveCfg = Release|Any CPU
		{3D556B71-29E6-4E83-8860-60E0A55AFAF8}.Release|Any CPU.Build.0 = Release|Any CPU
		{EA16D225-27F6-43A0-85B8-D0E8916F7CFD}.Debug|Any CPU.ActiveCfg = Debug|Any CPU
		{EA16D225-27F6-43A0-85B8-D0E8916F7CFD}.Debug|Any CPU.Build.0 = Debug|Any CPU
		{EA16D225-27F6-43A0-85B8-D0E8916F7CFD}.Release|Any CPU.ActiveCfg = Release|Any CPU
		{EA16D225-27F6-43A0-85B8-D0E8916F7CFD}.Release|Any CPU.Build.0 = Release|Any CPU
		{688C07C8-6D0A-4395-9915-A6DF9B3435A4}.Debug|Any CPU.ActiveCfg = Debug|Any CPU
		{688C07C8-6D0A-4395-9915-A6DF9B3435A4}.Debug|Any CPU.Build.0 = Debug|Any CPU
		{688C07C8-6D0A-4395-9915-A6DF9B3435A4}.Release|Any CPU.ActiveCfg = Release|Any CPU
		{688C07C8-6D0A-4395-9915-A6DF9B3435A4}.Release|Any CPU.Build.0 = Release|Any CPU
		{BFD6182C-332C-40CB-901F-CEB447C28C55}.Debug|Any CPU.ActiveCfg = Debug|Any CPU
		{BFD6182C-332C-40CB-901F-CEB447C28C55}.Debug|Any CPU.Build.0 = Debug|Any CPU
		{BFD6182C-332C-40CB-901F-CEB447C28C55}.Release|Any CPU.ActiveCfg = Release|Any CPU
		{BFD6182C-332C-40CB-901F-CEB447C28C55}.Release|Any CPU.Build.0 = Release|Any CPU
		{AB9C3AFB-4C80-4B94-81AF-CB5A1C838C49}.Debug|Any CPU.ActiveCfg = Debug|Any CPU
		{AB9C3AFB-4C80-4B94-81AF-CB5A1C838C49}.Debug|Any CPU.Build.0 = Debug|Any CPU
		{AB9C3AFB-4C80-4B94-81AF-CB5A1C838C49}.Release|Any CPU.ActiveCfg = Release|Any CPU
		{AB9C3AFB-4C80-4B94-81AF-CB5A1C838C49}.Release|Any CPU.Build.0 = Release|Any CPU
		{CFB5F7BB-E4D0-41A6-8FB0-1E50518A18E1}.Debug|Any CPU.ActiveCfg = Debug|Any CPU
		{CFB5F7BB-E4D0-41A6-8FB0-1E50518A18E1}.Debug|Any CPU.Build.0 = Debug|Any CPU
		{CFB5F7BB-E4D0-41A6-8FB0-1E50518A18E1}.Release|Any CPU.ActiveCfg = Release|Any CPU
		{CFB5F7BB-E4D0-41A6-8FB0-1E50518A18E1}.Release|Any CPU.Build.0 = Release|Any CPU
		{42FC506D-8FF1-4FB7-9655-4EC76056C8F2}.Debug|Any CPU.ActiveCfg = Debug|Any CPU
		{42FC506D-8FF1-4FB7-9655-4EC76056C8F2}.Debug|Any CPU.Build.0 = Debug|Any CPU
		{42FC506D-8FF1-4FB7-9655-4EC76056C8F2}.Release|Any CPU.ActiveCfg = Release|Any CPU
		{42FC506D-8FF1-4FB7-9655-4EC76056C8F2}.Release|Any CPU.Build.0 = Release|Any CPU
	EndGlobalSection
	GlobalSection(SolutionProperties) = preSolution
		HideSolutionNode = FALSE
	EndGlobalSection
	GlobalSection(ExtensibilityGlobals) = postSolution
		SolutionGuid = {A7560F33-81E4-45DF-8028-BEDC7F3998C3}
	EndGlobalSection
EndGlobal
